
Microsoft Visual Studio Solution File, Format Version 12.00
# Visual Studio Version 16
VisualStudioVersion = 16.0.32126.315
MinimumVisualStudioVersion = 10.0.40219.1
Project("{FAE04EC0-301F-11D3-BF4B-00C04F79EFBC}") = "galeriotomasyonu", "galeriotomasyonu\galeriotomasyonu.csproj", "{A0EFFC53-22A1-4690-A765-272D1BAE1640}"
EndProject
Global
	GlobalSection(SolutionConfigurationPlatforms) = preSolution
		Debug|Any CPU = Debug|Any CPU
		Release|Any CPU = Release|Any CPU
	EndGlobalSection
	GlobalSection(ProjectConfigurationPlatforms) = postSolution
		{A0EFFC53-22A1-4690-A765-272D1BAE1640}.Debug|Any CPU.ActiveCfg = Debug|Any CPU
		{A0EFFC53-22A1-4690-A765-272D1BAE1640}.Debug|Any CPU.Build.0 = Debug|Any CPU
		{A0EFFC53-22A1-4690-A765-272D1BAE1640}.Release|Any CPU.ActiveCfg = Release|Any CPU
		{A0EFFC53-22A1-4690-A765-272D1BAE1640}.Release|Any CPU.Build.0 = Release|Any CPU
	EndGlobalSection
	GlobalSection(SolutionProperties) = preSolution
		HideSolutionNode = FALSE
	EndGlobalSection
	GlobalSection(ExtensibilityGlobals) = postSolution
		SolutionGuid = {A0C26C28-203A-4D7E-B94C-38769F604AC0}
	EndGlobalSection
EndGlobal
